{
    "name": "words",
    "lockfileVersion": 2,
    "requires": true,
    "packages": {
        "": {
            "dependencies": {
                "naughty-words": "^1.2.0"
            }
        },
        "node_modules/naughty-words": {
            "version": "1.2.0",
            "resolved": "https://registry.npmjs.org/naughty-words/-/naughty-words-1.2.0.tgz",
            "integrity": "sha512-0iadX6fN+3NsfvIRtWmmpEX9VsoIQ6n9FwyIxmew9w5yzFNqMgs/Ky0eAC/z5xXSHtqlVoByiovdROikwH9SXQ=="
        }
    },
    "dependencies": {
        "naughty-words": {
            "version": "1.2.0",
            "resolved": "https://registry.npmjs.org/naughty-words/-/naughty-words-1.2.0.tgz",
            "integrity": "sha512-0iadX6fN+3NsfvIRtWmmpEX9VsoIQ6n9FwyIxmew9w5yzFNqMgs/Ky0eAC/z5xXSHtqlVoByiovdROikwH9SXQ=="
        }
    }
}
